
Microsoft Visual Studio Solution File, Format Version 12.00
# Visual Studio Version 16
VisualStudioVersion = 16.0.31729.503
MinimumVisualStudioVersion = 10.0.40219.1
Project("{8BC9CEB8-8B4A-11D0-8D11-00A0C91BC942}") = "Converter", "Converter\Converter.vcxproj", "{017ED5D3-412D-4203-8BB2-5140135F9999}"
EndProject
Global
	GlobalSection(SolutionConfigurationPlatforms) = preSolution
		Debug|x64 = Debug|x64
		Release|x64 = Release|x64
	EndGlobalSection
	GlobalSection(ProjectConfigurationPlatforms) = postSolution
		{017ED5D3-412D-4203-8BB2-5140135F9999}.Debug|x64.ActiveCfg = Debug|x64
		{017ED5D3-412D-4203-8BB2-5140135F9999}.Debug|x64.Build.0 = Debug|x64
		{017ED5D3-412D-4203-8BB2-5140135F9999}.Release|x64.ActiveCfg = Release|x64
		{017ED5D3-412D-4203-8BB2-5140135F9999}.Release|x64.Build.0 = Release|x64
	EndGlobalSection
	GlobalSection(SolutionProperties) = preSolution
		HideSolutionNode = FALSE
	EndGlobalSection
	GlobalSection(ExtensibilityGlobals) = postSolution
		SolutionGuid = {2167CD51-D162-4DB4-81E4-92581B26E854}
	EndGlobalSection
EndGlobal
